
Microsoft Visual Studio Solution File, Format Version 12.00
# Visual Studio Version 16
VisualStudioVersion = 16.0.29519.87
MinimumVisualStudioVersion = 10.0.40219.1
Project("{FAE04EC0-301F-11D3-BF4B-00C04F79EFBC}") = "XtEpamTask02_7", "XtEpamTask02_7\XtEpamTask02_7.csproj", "{D1BDCD40-DFC8-48FB-9838-72A67DD1BA9E}"
EndProject
Global
	GlobalSection(SolutionConfigurationPlatforms) = preSolution
		Debug|Any CPU = Debug|Any CPU
		Release|Any CPU = Release|Any CPU
	EndGlobalSection
	GlobalSection(ProjectConfigurationPlatforms) = postSolution
		{D1BDCD40-DFC8-48FB-9838-72A67DD1BA9E}.Debug|Any CPU.ActiveCfg = Debug|Any CPU
		{D1BDCD40-DFC8-48FB-9838-72A67DD1BA9E}.Debug|Any CPU.Build.0 = Debug|Any CPU
		{D1BDCD40-DFC8-48FB-9838-72A67DD1BA9E}.Release|Any CPU.ActiveCfg = Release|Any CPU
		{D1BDCD40-DFC8-48FB-9838-72A67DD1BA9E}.Release|Any CPU.Build.0 = Release|Any CPU
	EndGlobalSection
	GlobalSection(SolutionProperties) = preSolution
		HideSolutionNode = FALSE
	EndGlobalSection
	GlobalSection(ExtensibilityGlobals) = postSolution
		SolutionGuid = {F1A37E82-CACE-4793-BBC4-55A0F4CBE39D}
	EndGlobalSection
EndGlobal
