
Microsoft Visual Studio Solution File, Format Version 12.00
# Visual Studio Version 16
VisualStudioVersion = 16.0.29519.87
MinimumVisualStudioVersion = 10.0.40219.1
Project("{FAE04EC0-301F-11D3-BF4B-00C04F79EFBC}") = "XtEpamTask07_4", "XtEpamTask07_4\XtEpamTask07_4.csproj", "{DFA69A2F-7D46-4589-8C72-8CD5E872B1CE}"
EndProject
Global
	GlobalSection(SolutionConfigurationPlatforms) = preSolution
		Debug|Any CPU = Debug|Any CPU
		Release|Any CPU = Release|Any CPU
	EndGlobalSection
	GlobalSection(ProjectConfigurationPlatforms) = postSolution
		{DFA69A2F-7D46-4589-8C72-8CD5E872B1CE}.Debug|Any CPU.ActiveCfg = Debug|Any CPU
		{DFA69A2F-7D46-4589-8C72-8CD5E872B1CE}.Debug|Any CPU.Build.0 = Debug|Any CPU
		{DFA69A2F-7D46-4589-8C72-8CD5E872B1CE}.Release|Any CPU.ActiveCfg = Release|Any CPU
		{DFA69A2F-7D46-4589-8C72-8CD5E872B1CE}.Release|Any CPU.Build.0 = Release|Any CPU
	EndGlobalSection
	GlobalSection(SolutionProperties) = preSolution
		HideSolutionNode = FALSE
	EndGlobalSection
	GlobalSection(ExtensibilityGlobals) = postSolution
		SolutionGuid = {C61EF89F-8C93-47C9-9810-0DE46EBBAF04}
	EndGlobalSection
EndGlobal
