
Microsoft Visual Studio Solution File, Format Version 12.00
# Visual Studio Version 16
VisualStudioVersion = 16.0.29519.87
MinimumVisualStudioVersion = 10.0.40219.1
Project("{FAE04EC0-301F-11D3-BF4B-00C04F79EFBC}") = "XtEpamTask04_2", "XtEpamTask04_2\XtEpamTask04_2.csproj", "{8AFC2003-91B2-4565-9E6D-39A92AC37338}"
EndProject
Global
	GlobalSection(SolutionConfigurationPlatforms) = preSolution
		Debug|Any CPU = Debug|Any CPU
		Release|Any CPU = Release|Any CPU
	EndGlobalSection
	GlobalSection(ProjectConfigurationPlatforms) = postSolution
		{8AFC2003-91B2-4565-9E6D-39A92AC37338}.Debug|Any CPU.ActiveCfg = Debug|Any CPU
		{8AFC2003-91B2-4565-9E6D-39A92AC37338}.Debug|Any CPU.Build.0 = Debug|Any CPU
		{8AFC2003-91B2-4565-9E6D-39A92AC37338}.Release|Any CPU.ActiveCfg = Release|Any CPU
		{8AFC2003-91B2-4565-9E6D-39A92AC37338}.Release|Any CPU.Build.0 = Release|Any CPU
	EndGlobalSection
	GlobalSection(SolutionProperties) = preSolution
		HideSolutionNode = FALSE
	EndGlobalSection
	GlobalSection(ExtensibilityGlobals) = postSolution
		SolutionGuid = {C6115D4C-77F4-4045-A11E-2A7B90485C73}
	EndGlobalSection
EndGlobal
