
Microsoft Visual Studio Solution File, Format Version 12.00
# Visual Studio Version 16
VisualStudioVersion = 16.0.29519.87
MinimumVisualStudioVersion = 10.0.40219.1
Project("{FAE04EC0-301F-11D3-BF4B-00C04F79EFBC}") = "XtEpamTask07_1", "XtEpamTask07_1\XtEpamTask07_1.csproj", "{0A572FAB-9DF5-48A6-8054-D6B095E79F93}"
EndProject
Global
	GlobalSection(SolutionConfigurationPlatforms) = preSolution
		Debug|Any CPU = Debug|Any CPU
		Release|Any CPU = Release|Any CPU
	EndGlobalSection
	GlobalSection(ProjectConfigurationPlatforms) = postSolution
		{0A572FAB-9DF5-48A6-8054-D6B095E79F93}.Debug|Any CPU.ActiveCfg = Debug|Any CPU
		{0A572FAB-9DF5-48A6-8054-D6B095E79F93}.Debug|Any CPU.Build.0 = Debug|Any CPU
		{0A572FAB-9DF5-48A6-8054-D6B095E79F93}.Release|Any CPU.ActiveCfg = Release|Any CPU
		{0A572FAB-9DF5-48A6-8054-D6B095E79F93}.Release|Any CPU.Build.0 = Release|Any CPU
	EndGlobalSection
	GlobalSection(SolutionProperties) = preSolution
		HideSolutionNode = FALSE
	EndGlobalSection
	GlobalSection(ExtensibilityGlobals) = postSolution
		SolutionGuid = {F7FA0AD6-4903-483F-95EC-3D5ED7B53DAF}
	EndGlobalSection
EndGlobal
