
Microsoft Visual Studio Solution File, Format Version 12.00
# Visual Studio Version 16
VisualStudioVersion = 16.0.29519.87
MinimumVisualStudioVersion = 10.0.40219.1
Project("{FAE04EC0-301F-11D3-BF4B-00C04F79EFBC}") = "XtEpamTask07_3", "XtEpamTask07_3\XtEpamTask07_3.csproj", "{9F9B49A9-398E-4A91-920F-791E89D3EBEB}"
EndProject
Global
	GlobalSection(SolutionConfigurationPlatforms) = preSolution
		Debug|Any CPU = Debug|Any CPU
		Release|Any CPU = Release|Any CPU
	EndGlobalSection
	GlobalSection(ProjectConfigurationPlatforms) = postSolution
		{9F9B49A9-398E-4A91-920F-791E89D3EBEB}.Debug|Any CPU.ActiveCfg = Debug|Any CPU
		{9F9B49A9-398E-4A91-920F-791E89D3EBEB}.Debug|Any CPU.Build.0 = Debug|Any CPU
		{9F9B49A9-398E-4A91-920F-791E89D3EBEB}.Release|Any CPU.ActiveCfg = Release|Any CPU
		{9F9B49A9-398E-4A91-920F-791E89D3EBEB}.Release|Any CPU.Build.0 = Release|Any CPU
	EndGlobalSection
	GlobalSection(SolutionProperties) = preSolution
		HideSolutionNode = FALSE
	EndGlobalSection
	GlobalSection(ExtensibilityGlobals) = postSolution
		SolutionGuid = {9D9BC4D8-B193-4CDA-8D69-7820A3523079}
	EndGlobalSection
EndGlobal
