
Microsoft Visual Studio Solution File, Format Version 12.00
# Visual Studio 15
VisualStudioVersion = 15.0.28307.572
MinimumVisualStudioVersion = 10.0.40219.1
Project("{FAE04EC0-301F-11D3-BF4B-00C04F79EFBC}") = "XtEpamTask01", "XtEpamTask01\XtEpamTask01.csproj", "{6B2717FF-8C7A-488F-9180-88C5CE232D95}"
EndProject
Global
	GlobalSection(SolutionConfigurationPlatforms) = preSolution
		Debug|Any CPU = Debug|Any CPU
		Release|Any CPU = Release|Any CPU
	EndGlobalSection
	GlobalSection(ProjectConfigurationPlatforms) = postSolution
		{6B2717FF-8C7A-488F-9180-88C5CE232D95}.Debug|Any CPU.ActiveCfg = Debug|Any CPU
		{6B2717FF-8C7A-488F-9180-88C5CE232D95}.Debug|Any CPU.Build.0 = Debug|Any CPU
		{6B2717FF-8C7A-488F-9180-88C5CE232D95}.Release|Any CPU.ActiveCfg = Release|Any CPU
		{6B2717FF-8C7A-488F-9180-88C5CE232D95}.Release|Any CPU.Build.0 = Release|Any CPU
	EndGlobalSection
	GlobalSection(SolutionProperties) = preSolution
		HideSolutionNode = FALSE
	EndGlobalSection
	GlobalSection(ExtensibilityGlobals) = postSolution
		SolutionGuid = {8A0CF2F1-9B60-40BD-81F0-24EBC2F3CB4E}
	EndGlobalSection
EndGlobal
