
Microsoft Visual Studio Solution File, Format Version 12.00
# Visual Studio Version 16
VisualStudioVersion = 16.0.29519.87
MinimumVisualStudioVersion = 10.0.40219.1
Project("{FAE04EC0-301F-11D3-BF4B-00C04F79EFBC}") = "XtEpamTask04_5", "XtEpamTask04_5\XtEpamTask04_5.csproj", "{214AB673-BB65-49E0-A2F6-B586B7CE843B}"
EndProject
Global
	GlobalSection(SolutionConfigurationPlatforms) = preSolution
		Debug|Any CPU = Debug|Any CPU
		Release|Any CPU = Release|Any CPU
	EndGlobalSection
	GlobalSection(ProjectConfigurationPlatforms) = postSolution
		{214AB673-BB65-49E0-A2F6-B586B7CE843B}.Debug|Any CPU.ActiveCfg = Debug|Any CPU
		{214AB673-BB65-49E0-A2F6-B586B7CE843B}.Debug|Any CPU.Build.0 = Debug|Any CPU
		{214AB673-BB65-49E0-A2F6-B586B7CE843B}.Release|Any CPU.ActiveCfg = Release|Any CPU
		{214AB673-BB65-49E0-A2F6-B586B7CE843B}.Release|Any CPU.Build.0 = Release|Any CPU
	EndGlobalSection
	GlobalSection(SolutionProperties) = preSolution
		HideSolutionNode = FALSE
	EndGlobalSection
	GlobalSection(ExtensibilityGlobals) = postSolution
		SolutionGuid = {84E953A1-C17B-4C6E-A731-67E99AD02D92}
	EndGlobalSection
EndGlobal
