
Microsoft Visual Studio Solution File, Format Version 12.00
# Visual Studio Version 16
VisualStudioVersion = 16.0.29519.87
MinimumVisualStudioVersion = 10.0.40219.1
Project("{FAE04EC0-301F-11D3-BF4B-00C04F79EFBC}") = "XtEpa,Task03_3", "XtEpa,Task03_3\XtEpa,Task03_3.csproj", "{57825528-D05E-40CF-94EB-4967E99CA161}"
EndProject
Global
	GlobalSection(SolutionConfigurationPlatforms) = preSolution
		Debug|Any CPU = Debug|Any CPU
		Release|Any CPU = Release|Any CPU
	EndGlobalSection
	GlobalSection(ProjectConfigurationPlatforms) = postSolution
		{57825528-D05E-40CF-94EB-4967E99CA161}.Debug|Any CPU.ActiveCfg = Debug|Any CPU
		{57825528-D05E-40CF-94EB-4967E99CA161}.Debug|Any CPU.Build.0 = Debug|Any CPU
		{57825528-D05E-40CF-94EB-4967E99CA161}.Release|Any CPU.ActiveCfg = Release|Any CPU
		{57825528-D05E-40CF-94EB-4967E99CA161}.Release|Any CPU.Build.0 = Release|Any CPU
	EndGlobalSection
	GlobalSection(SolutionProperties) = preSolution
		HideSolutionNode = FALSE
	EndGlobalSection
	GlobalSection(ExtensibilityGlobals) = postSolution
		SolutionGuid = {0826BBD3-AB01-4FDB-A7F3-89FEBE156F48}
	EndGlobalSection
EndGlobal
